
Microsoft Visual Studio Solution File, Format Version 12.00
# Visual Studio Version 17
VisualStudioVersion = 17.5.002.0
MinimumVisualStudioVersion = 10.0.40219.1
Project("{FAE04EC0-301F-11D3-BF4B-00C04F79EFBC}") = "FlightBookingSystem", "FlightBookingSystem.csproj", "{E2A8F5B1-4C3D-4A5E-9B1A-7F8C9D0E2B3C}"
EndProject
Global
	GlobalSection(SolutionConfigurationPlatforms) = preSolution
		Debug|Any CPU = Debug|Any CPU
		Release|Any CPU = Release|Any CPU
	EndGlobalSection
	GlobalSection(ProjectConfigurationPlatforms) = postSolution
		{E2A8F5B1-4C3D-4A5E-9B1A-7F8C9D0E2B3C}.Debug|Any CPU.ActiveCfg = Debug|Any CPU
		{E2A8F5B1-4C3D-4A5E-9B1A-7F8C9D0E2B3C}.Debug|Any CPU.Build.0 = Debug|Any CPU
		{E2A8F5B1-4C3D-4A5E-9B1A-7F8C9D0E2B3C}.Release|Any CPU.ActiveCfg = Release|Any CPU
		{E2A8F5B1-4C3D-4A5E-9B1A-7F8C9D0E2B3C}.Release|Any CPU.Build.0 = Release|Any CPU
	EndGlobalSection
	GlobalSection(SolutionProperties) = preSolution
		HideSolutionNode = FALSE
	EndGlobalSection
	GlobalSection(ExtensibilityGlobals) = postSolution
		SolutionGuid = {B1C2D3E4-F5G6-7H8I-9J0K-L1M2N3O4P5Q6}
	EndGlobalSection
EndGlobal
